// !$*UTF8*$!
{
	archiveVersion = 1;
	classes = {
	};
	objectVersion = 52;
	objects = {

/* Begin PBXBuildFile section */
		C206D7AA237888BE007D59D3 /* AppDelegate.swift in Sources */ = {isa = PBXBuildFile; fileRef = C206D7A9237888BE007D59D3 /* AppDelegate.swift */; };
		C206D7AC237888BE007D59D3 /* SceneDelegate.swift in Sources */ = {isa = PBXBuildFile; fileRef = C206D7AB237888BE007D59D3 /* SceneDelegate.swift */; };
		C206D7B3237888C3007D59D3 /* Assets.xcassets in Resources */ = {isa = PBXBuildFile; fileRef = C206D7B2237888C3007D59D3 /* Assets.xcassets */; };
		C206D7B6237888C3007D59D3 /* Preview Assets.xcassets in Resources */ = {isa = PBXBuildFile; fileRef = C206D7B5237888C3007D59D3 /* Preview Assets.xcassets */; };
		C206D7B9237888C3007D59D3 /* LaunchScreen.storyboard in Resources */ = {isa = PBXBuildFile; fileRef = C206D7B7237888C3007D59D3 /* LaunchScreen.storyboard */; };
		C206D7C4237888C3007D59D3 /* SmileSurveyTests.swift in Sources */ = {isa = PBXBuildFile; fileRef = C206D7C3237888C3007D59D3 /* SmileSurveyTests.swift */; };
		C206D7D5237889D2007D59D3 /* SurveyGridViewModel.swift in Sources */ = {isa = PBXBuildFile; fileRef = C206D7D4237889D2007D59D3 /* SurveyGridViewModel.swift */; };
		C206D7D923788A17007D59D3 /* SurveyRepositoring.swift in Sources */ = {isa = PBXBuildFile; fileRef = C206D7D823788A17007D59D3 /* SurveyRepositoring.swift */; };
		C206D7DC23788A45007D59D3 /* Survey.swift in Sources */ = {isa = PBXBuildFile; fileRef = C206D7DB23788A45007D59D3 /* Survey.swift */; };
		C206D7DE23788ABC007D59D3 /* LocalSurveyRepository.swift in Sources */ = {isa = PBXBuildFile; fileRef = C206D7DD23788ABC007D59D3 /* LocalSurveyRepository.swift */; };
		C207E064238097EB00F59D1A /* DonutChartSegment.swift in Sources */ = {isa = PBXBuildFile; fileRef = C207E063238097EB00F59D1A /* DonutChartSegment.swift */; };
		C207E0662380A31C00F59D1A /* DonutChart.swift in Sources */ = {isa = PBXBuildFile; fileRef = C207E0652380A31C00F59D1A /* DonutChart.swift */; };
		C21738C223DCE7F90003D26C /* RatingItemView.swift in Sources */ = {isa = PBXBuildFile; fileRef = C21738C123DCE7F90003D26C /* RatingItemView.swift */; };
		C21738C523DF830C0003D26C /* UserDefault.swift in Sources */ = {isa = PBXBuildFile; fileRef = C21738C423DF830C0003D26C /* UserDefault.swift */; };
		C21738C723DF83380003D26C /* UserSettingsRepository.swift in Sources */ = {isa = PBXBuildFile; fileRef = C21738C623DF83380003D26C /* UserSettingsRepository.swift */; };
		C21738CA23DF84C80003D26C /* PinPromptView.swift in Sources */ = {isa = PBXBuildFile; fileRef = C21738C923DF84C80003D26C /* PinPromptView.swift */; };
		C21738CC23DF86F20003D26C /* PinPromptViewModel.swift in Sources */ = {isa = PBXBuildFile; fileRef = C21738CB23DF86F20003D26C /* PinPromptViewModel.swift */; };
		C21D3D82238F06DA00D1B220 /* Grid in Frameworks */ = {isa = PBXBuildFile; productRef = C21D3D81238F06DA00D1B220 /* Grid */; };
		C21D3D84238F071400D1B220 /* SurveyGridView.swift in Sources */ = {isa = PBXBuildFile; fileRef = C21D3D83238F071400D1B220 /* SurveyGridView.swift */; };
		C21D3D86238F129D00D1B220 /* SurveyGridItemView.swift in Sources */ = {isa = PBXBuildFile; fileRef = C21D3D85238F129D00D1B220 /* SurveyGridItemView.swift */; };
		C21D3D8923929A0A00D1B220 /* ActivityIndicator.swift in Sources */ = {isa = PBXBuildFile; fileRef = C21D3D8823929A0A00D1B220 /* ActivityIndicator.swift */; };
		C21D3D8B23929BD800D1B220 /* LoadingView.swift in Sources */ = {isa = PBXBuildFile; fileRef = C21D3D8A23929BD800D1B220 /* LoadingView.swift */; };
		C2246A1E2392C97A008C3C60 /* SurveyModalDetail.swift in Sources */ = {isa = PBXBuildFile; fileRef = C2246A1D2392C97A008C3C60 /* SurveyModalDetail.swift */; };
		C2246A232392D0D5008C3C60 /* ModelDependency.swift in Sources */ = {isa = PBXBuildFile; fileRef = C2246A222392D0D5008C3C60 /* ModelDependency.swift */; };
		C2246A252392D126008C3C60 /* ViewModelFactories.swift in Sources */ = {isa = PBXBuildFile; fileRef = C2246A242392D126008C3C60 /* ViewModelFactories.swift */; };
		C25127B623F024DA00629660 /* ShakeModifier.swift in Sources */ = {isa = PBXBuildFile; fileRef = C25127B523F024DA00629660 /* ShakeModifier.swift */; };
		C26D447B23D35BDF00E7E268 /* Action.swift in Sources */ = {isa = PBXBuildFile; fileRef = C26D447A23D35BDF00E7E268 /* Action.swift */; };
		C289F0FF23E35522000B11E9 /* SettingsView.swift in Sources */ = {isa = PBXBuildFile; fileRef = C289F0FE23E35522000B11E9 /* SettingsView.swift */; };
		C289F10123E35532000B11E9 /* SettingsViewModel.swift in Sources */ = {isa = PBXBuildFile; fileRef = C289F10023E35532000B11E9 /* SettingsViewModel.swift */; };
		C2A3E0BA23B3B45C0007A140 /* Localizable.strings in Resources */ = {isa = PBXBuildFile; fileRef = C2A3E0B923B3B45C0007A140 /* Localizable.strings */; };
		C2A3E0BD23B3B5180007A140 /* colors.json in Resources */ = {isa = PBXBuildFile; fileRef = C2A3E0BC23B3B5180007A140 /* colors.json */; };
		C2A3E0CC23B3C1AC0007A140 /* ColorResources.swift in Sources */ = {isa = PBXBuildFile; fileRef = C2A3E0CB23B3C1AC0007A140 /* ColorResources.swift */; };
		C2A3E0DA23B3C7E20007A140 /* Assets.swift in Sources */ = {isa = PBXBuildFile; fileRef = C2A3E0D823B3C7E10007A140 /* Assets.swift */; };
		C2A3E0DB23B3C7E20007A140 /* LocalizedStrings.swift in Sources */ = {isa = PBXBuildFile; fileRef = C2A3E0D923B3C7E10007A140 /* LocalizedStrings.swift */; };
		C2A3E0DD23B3CD010007A140 /* ImageResources.swift in Sources */ = {isa = PBXBuildFile; fileRef = C2A3E0DC23B3CD010007A140 /* ImageResources.swift */; };
		C2A3E0E023B3D0680007A140 /* ActiveSurveyView.swift in Sources */ = {isa = PBXBuildFile; fileRef = C2A3E0DF23B3D0680007A140 /* ActiveSurveyView.swift */; };
		C2A3E0E323B3D7660007A140 /* SmileyHostingController.swift in Sources */ = {isa = PBXBuildFile; fileRef = C2A3E0E223B3D7660007A140 /* SmileyHostingController.swift */; };
		C2A3E0E623B3D8C50007A140 /* RotationObserver.swift in Sources */ = {isa = PBXBuildFile; fileRef = C2A3E0E523B3D8C50007A140 /* RotationObserver.swift */; };
		C2A3E0E823B3E76F0007A140 /* ActiveSurveyViewModel.swift in Sources */ = {isa = PBXBuildFile; fileRef = C2A3E0E723B3E76F0007A140 /* ActiveSurveyViewModel.swift */; };
		C2A3E0EB23B4F6020007A140 /* GeneralViewExtensions.swift in Sources */ = {isa = PBXBuildFile; fileRef = C2A3E0EA23B4F6020007A140 /* GeneralViewExtensions.swift */; };
		C2A3E0ED23B4F8CE0007A140 /* ImageExtensions.swift in Sources */ = {isa = PBXBuildFile; fileRef = C2A3E0EC23B4F8CE0007A140 /* ImageExtensions.swift */; };
		C2A3E0F023B6594D0007A140 /* ModalDetailViewModel.swift in Sources */ = {isa = PBXBuildFile; fileRef = C2A3E0EF23B6594D0007A140 /* ModalDetailViewModel.swift */; };
		C2A3E0FA23BB972E0007A140 /* Model.xcdatamodeld in Sources */ = {isa = PBXBuildFile; fileRef = C2A3E0F823BB972E0007A140 /* Model.xcdatamodeld */; };
		C2A3E0FC23BB97D80007A140 /* Database.swift in Sources */ = {isa = PBXBuildFile; fileRef = C2A3E0FB23BB97D80007A140 /* Database.swift */; };
		C2A3E0FE23BB99800007A140 /* CoreDataSurveyRepository.swift in Sources */ = {isa = PBXBuildFile; fileRef = C2A3E0FD23BB99800007A140 /* CoreDataSurveyRepository.swift */; };
		C2ADA8BA23DDE99900B4D27A /* SurveyStore.swift in Sources */ = {isa = PBXBuildFile; fileRef = C2ADA8B923DDE99900B4D27A /* SurveyStore.swift */; };
		C2C01ACB239D47FA0006FC8C /* SurveyFormView.swift in Sources */ = {isa = PBXBuildFile; fileRef = C2C01ACA239D47FA0006FC8C /* SurveyFormView.swift */; };
		C2E362DC239EF94F00AC9913 /* FormTextFieldView.swift in Sources */ = {isa = PBXBuildFile; fileRef = C2E362DB239EF94F00AC9913 /* FormTextFieldView.swift */; };
		C2E362DE239EFBA800AC9913 /* SurveyFormViewModel.swift in Sources */ = {isa = PBXBuildFile; fileRef = C2E362DD239EFBA800AC9913 /* SurveyFormViewModel.swift */; };
/* End PBXBuildFile section */

/* Begin PBXContainerItemProxy section */
		C206D7C0237888C3007D59D3 /* PBXContainerItemProxy */ = {
			isa = PBXContainerItemProxy;
			containerPortal = C206D79E237888BE007D59D3 /* Project object */;
			proxyType = 1;
			remoteGlobalIDString = C206D7A5237888BE007D59D3;
			remoteInfo = SmileSurvey;
		};
/* End PBXContainerItemProxy section */

/* Begin PBXFileReference section */
		C206D7A6237888BE007D59D3 /* SmileySurvey.app */ = {isa = PBXFileReference; explicitFileType = wrapper.application; includeInIndex = 0; path = SmileySurvey.app; sourceTree = BUILT_PRODUCTS_DIR; };
		C206D7A9237888BE007D59D3 /* AppDelegate.swift */ = {isa = PBXFileReference; lastKnownFileType = sourcecode.swift; path = AppDelegate.swift; sourceTree = "<group>"; };
		C206D7AB237888BE007D59D3 /* SceneDelegate.swift */ = {isa = PBXFileReference; lastKnownFileType = sourcecode.swift; path = SceneDelegate.swift; sourceTree = "<group>"; };
		C206D7B2237888C3007D59D3 /* Assets.xcassets */ = {isa = PBXFileReference; lastKnownFileType = folder.assetcatalog; path = Assets.xcassets; sourceTree = "<group>"; };
		C206D7B5237888C3007D59D3 /* Preview Assets.xcassets */ = {isa = PBXFileReference; lastKnownFileType = folder.assetcatalog; path = "Preview Assets.xcassets"; sourceTree = "<group>"; };
		C206D7B8237888C3007D59D3 /* Base */ = {isa = PBXFileReference; lastKnownFileType = file.storyboard; name = Base; path = Base.lproj/LaunchScreen.storyboard; sourceTree = "<group>"; };
		C206D7BA237888C3007D59D3 /* Info.plist */ = {isa = PBXFileReference; lastKnownFileType = text.plist.xml; path = Info.plist; sourceTree = "<group>"; };
		C206D7BF237888C3007D59D3 /* SmileySurveyTests.xctest */ = {isa = PBXFileReference; explicitFileType = wrapper.cfbundle; includeInIndex = 0; path = SmileySurveyTests.xctest; sourceTree = BUILT_PRODUCTS_DIR; };
		C206D7C3237888C3007D59D3 /* SmileSurveyTests.swift */ = {isa = PBXFileReference; lastKnownFileType = sourcecode.swift; path = SmileSurveyTests.swift; sourceTree = "<group>"; };
		C206D7C5237888C3007D59D3 /* Info.plist */ = {isa = PBXFileReference; lastKnownFileType = text.plist.xml; path = Info.plist; sourceTree = "<group>"; };
		C206D7D4237889D2007D59D3 /* SurveyGridViewModel.swift */ = {isa = PBXFileReference; lastKnownFileType = sourcecode.swift; path = SurveyGridViewModel.swift; sourceTree = "<group>"; };
		C206D7D823788A17007D59D3 /* SurveyRepositoring.swift */ = {isa = PBXFileReference; lastKnownFileType = sourcecode.swift; path = SurveyRepositoring.swift; sourceTree = "<group>"; };
		C206D7DB23788A45007D59D3 /* Survey.swift */ = {isa = PBXFileReference; lastKnownFileType = sourcecode.swift; path = Survey.swift; sourceTree = "<group>"; };
		C206D7DD23788ABC007D59D3 /* LocalSurveyRepository.swift */ = {isa = PBXFileReference; lastKnownFileType = sourcecode.swift; path = LocalSurveyRepository.swift; sourceTree = "<group>"; };
		C207E063238097EB00F59D1A /* DonutChartSegment.swift */ = {isa = PBXFileReference; lastKnownFileType = sourcecode.swift; path = DonutChartSegment.swift; sourceTree = "<group>"; };
		C207E0652380A31C00F59D1A /* DonutChart.swift */ = {isa = PBXFileReference; lastKnownFileType = sourcecode.swift; path = DonutChart.swift; sourceTree = "<group>"; };
		C21738C123DCE7F90003D26C /* RatingItemView.swift */ = {isa = PBXFileReference; lastKnownFileType = sourcecode.swift; path = RatingItemView.swift; sourceTree = "<group>"; };
		C21738C423DF830C0003D26C /* UserDefault.swift */ = {isa = PBXFileReference; lastKnownFileType = sourcecode.swift; path = UserDefault.swift; sourceTree = "<group>"; };
		C21738C623DF83380003D26C /* UserSettingsRepository.swift */ = {isa = PBXFileReference; lastKnownFileType = sourcecode.swift; path = UserSettingsRepository.swift; sourceTree = "<group>"; };
		C21738C923DF84C80003D26C /* PinPromptView.swift */ = {isa = PBXFileReference; lastKnownFileType = sourcecode.swift; path = PinPromptView.swift; sourceTree = "<group>"; };
		C21738CB23DF86F20003D26C /* PinPromptViewModel.swift */ = {isa = PBXFileReference; lastKnownFileType = sourcecode.swift; path = PinPromptViewModel.swift; sourceTree = "<group>"; };
		C21D3D83238F071400D1B220 /* SurveyGridView.swift */ = {isa = PBXFileReference; lastKnownFileType = sourcecode.swift; path = SurveyGridView.swift; sourceTree = "<group>"; };
		C21D3D85238F129D00D1B220 /* SurveyGridItemView.swift */ = {isa = PBXFileReference; lastKnownFileType = sourcecode.swift; path = SurveyGridItemView.swift; sourceTree = "<group>"; };
		C21D3D8823929A0A00D1B220 /* ActivityIndicator.swift */ = {isa = PBXFileReference; lastKnownFileType = sourcecode.swift; path = ActivityIndicator.swift; sourceTree = "<group>"; };
		C21D3D8A23929BD800D1B220 /* LoadingView.swift */ = {isa = PBXFileReference; lastKnownFileType = sourcecode.swift; path = LoadingView.swift; sourceTree = "<group>"; };
		C2246A1D2392C97A008C3C60 /* SurveyModalDetail.swift */ = {isa = PBXFileReference; lastKnownFileType = sourcecode.swift; path = SurveyModalDetail.swift; sourceTree = "<group>"; };
		C2246A222392D0D5008C3C60 /* ModelDependency.swift */ = {isa = PBXFileReference; lastKnownFileType = sourcecode.swift; path = ModelDependency.swift; sourceTree = "<group>"; };
		C2246A242392D126008C3C60 /* ViewModelFactories.swift */ = {isa = PBXFileReference; lastKnownFileType = sourcecode.swift; path = ViewModelFactories.swift; sourceTree = "<group>"; };
		C25127B523F024DA00629660 /* ShakeModifier.swift */ = {isa = PBXFileReference; lastKnownFileType = sourcecode.swift; path = ShakeModifier.swift; sourceTree = "<group>"; };
		C26D447A23D35BDF00E7E268 /* Action.swift */ = {isa = PBXFileReference; lastKnownFileType = sourcecode.swift; path = Action.swift; sourceTree = "<group>"; };
		C289F0FE23E35522000B11E9 /* SettingsView.swift */ = {isa = PBXFileReference; lastKnownFileType = sourcecode.swift; path = SettingsView.swift; sourceTree = "<group>"; };
		C289F10023E35532000B11E9 /* SettingsViewModel.swift */ = {isa = PBXFileReference; lastKnownFileType = sourcecode.swift; path = SettingsViewModel.swift; sourceTree = "<group>"; };
		C2A3E0B923B3B45C0007A140 /* Localizable.strings */ = {isa = PBXFileReference; lastKnownFileType = text.plist.strings; path = Localizable.strings; sourceTree = "<group>"; };
		C2A3E0BC23B3B5180007A140 /* colors.json */ = {isa = PBXFileReference; lastKnownFileType = text.json; path = colors.json; sourceTree = "<group>"; };
		C2A3E0CB23B3C1AC0007A140 /* ColorResources.swift */ = {isa = PBXFileReference; lastKnownFileType = sourcecode.swift; path = ColorResources.swift; sourceTree = "<group>"; };
		C2A3E0D823B3C7E10007A140 /* Assets.swift */ = {isa = PBXFileReference; fileEncoding = 4; lastKnownFileType = sourcecode.swift; name = Assets.swift; path = Generated/Assets.swift; sourceTree = "<group>"; };
		C2A3E0D923B3C7E10007A140 /* LocalizedStrings.swift */ = {isa = PBXFileReference; fileEncoding = 4; lastKnownFileType = sourcecode.swift; name = LocalizedStrings.swift; path = Generated/LocalizedStrings.swift; sourceTree = "<group>"; };
		C2A3E0DC23B3CD010007A140 /* ImageResources.swift */ = {isa = PBXFileReference; lastKnownFileType = sourcecode.swift; path = ImageResources.swift; sourceTree = "<group>"; };
		C2A3E0DF23B3D0680007A140 /* ActiveSurveyView.swift */ = {isa = PBXFileReference; lastKnownFileType = sourcecode.swift; path = ActiveSurveyView.swift; sourceTree = "<group>"; };
		C2A3E0E223B3D7660007A140 /* SmileyHostingController.swift */ = {isa = PBXFileReference; lastKnownFileType = sourcecode.swift; path = SmileyHostingController.swift; sourceTree = "<group>"; };
		C2A3E0E523B3D8C50007A140 /* RotationObserver.swift */ = {isa = PBXFileReference; lastKnownFileType = sourcecode.swift; path = RotationObserver.swift; sourceTree = "<group>"; };
		C2A3E0E723B3E76F0007A140 /* ActiveSurveyViewModel.swift */ = {isa = PBXFileReference; lastKnownFileType = sourcecode.swift; path = ActiveSurveyViewModel.swift; sourceTree = "<group>"; };
		C2A3E0EA23B4F6020007A140 /* GeneralViewExtensions.swift */ = {isa = PBXFileReference; lastKnownFileType = sourcecode.swift; path = GeneralViewExtensions.swift; sourceTree = "<group>"; };
		C2A3E0EC23B4F8CE0007A140 /* ImageExtensions.swift */ = {isa = PBXFileReference; lastKnownFileType = sourcecode.swift; path = ImageExtensions.swift; sourceTree = "<group>"; };
		C2A3E0EF23B6594D0007A140 /* ModalDetailViewModel.swift */ = {isa = PBXFileReference; lastKnownFileType = sourcecode.swift; path = ModalDetailViewModel.swift; sourceTree = "<group>"; };
		C2A3E0F623BB96B20007A140 /* SmileySurvey.entitlements */ = {isa = PBXFileReference; lastKnownFileType = text.plist.entitlements; path = SmileySurvey.entitlements; sourceTree = "<group>"; };
		C2A3E0F923BB972E0007A140 /* DbSurvey.xcdatamodel */ = {isa = PBXFileReference; lastKnownFileType = wrapper.xcdatamodel; path = DbSurvey.xcdatamodel; sourceTree = "<group>"; };
		C2A3E0FB23BB97D80007A140 /* Database.swift */ = {isa = PBXFileReference; lastKnownFileType = sourcecode.swift; path = Database.swift; sourceTree = "<group>"; };
		C2A3E0FD23BB99800007A140 /* CoreDataSurveyRepository.swift */ = {isa = PBXFileReference; lastKnownFileType = sourcecode.swift; path = CoreDataSurveyRepository.swift; sourceTree = "<group>"; };
		C2ADA8B923DDE99900B4D27A /* SurveyStore.swift */ = {isa = PBXFileReference; lastKnownFileType = sourcecode.swift; path = SurveyStore.swift; sourceTree = "<group>"; };
		C2C01ACA239D47FA0006FC8C /* SurveyFormView.swift */ = {isa = PBXFileReference; lastKnownFileType = sourcecode.swift; path = SurveyFormView.swift; sourceTree = "<group>"; };
		C2E362DB239EF94F00AC9913 /* FormTextFieldView.swift */ = {isa = PBXFileReference; lastKnownFileType = sourcecode.swift; path = FormTextFieldView.swift; sourceTree = "<group>"; };
		C2E362DD239EFBA800AC9913 /* SurveyFormViewModel.swift */ = {isa = PBXFileReference; lastKnownFileType = sourcecode.swift; path = SurveyFormViewModel.swift; sourceTree = "<group>"; };
/* End PBXFileReference section */

/* Begin PBXFrameworksBuildPhase section */
		C206D7A3237888BE007D59D3 /* Frameworks */ = {
			isa = PBXFrameworksBuildPhase;
			buildActionMask = 2147483647;
			files = (
				C21D3D82238F06DA00D1B220 /* Grid in Frameworks */,
			);
			runOnlyForDeploymentPostprocessing = 0;
		};
		C206D7BC237888C3007D59D3 /* Frameworks */ = {
			isa = PBXFrameworksBuildPhase;
			buildActionMask = 2147483647;
			files = (
			);
			runOnlyForDeploymentPostprocessing = 0;
		};
/* End PBXFrameworksBuildPhase section */

/* Begin PBXGroup section */
		C206D79D237888BE007D59D3 = {
			isa = PBXGroup;
			children = (
				C206D7A8237888BE007D59D3 /* SmileySurvey */,
				C206D7C2237888C3007D59D3 /* SmileySurveyTests */,
				C206D7A7237888BE007D59D3 /* Products */,
			);
			sourceTree = "<group>";
		};
		C206D7A7237888BE007D59D3 /* Products */ = {
			isa = PBXGroup;
			children = (
				C206D7A6237888BE007D59D3 /* SmileySurvey.app */,
				C206D7BF237888C3007D59D3 /* SmileySurveyTests.xctest */,
			);
			name = Products;
			sourceTree = "<group>";
		};
		C206D7A8237888BE007D59D3 /* SmileySurvey */ = {
			isa = PBXGroup;
			children = (
				C2A3E0F623BB96B20007A140 /* SmileySurvey.entitlements */,
				C2246A212392D09D008C3C60 /* DI */,
				C207E0612380976A00F59D1A /* Views */,
				C206D7D6237889EB007D59D3 /* Model */,
				C206D7CE23788969007D59D3 /* Flows */,
				C2A3E0B823B3B42A0007A140 /* Resources */,
				C2A3E0E123B3D73C0007A140 /* App */,
				C206D7B4237888C3007D59D3 /* Preview Content */,
			);
			path = SmileySurvey;
			sourceTree = "<group>";
		};
		C206D7B4237888C3007D59D3 /* Preview Content */ = {
			isa = PBXGroup;
			children = (
				C206D7B5237888C3007D59D3 /* Preview Assets.xcassets */,
			);
			path = "Preview Content";
			sourceTree = "<group>";
		};
		C206D7C2237888C3007D59D3 /* SmileySurveyTests */ = {
			isa = PBXGroup;
			children = (
				C206D7C3237888C3007D59D3 /* SmileSurveyTests.swift */,
				C206D7C5237888C3007D59D3 /* Info.plist */,
			);
			path = SmileySurveyTests;
			sourceTree = "<group>";
		};
		C206D7CE23788969007D59D3 /* Flows */ = {
			isa = PBXGroup;
			children = (
				C289F0FD23E35509000B11E9 /* Settings */,
				C21738C823DF84B30003D26C /* Pin */,
				C206D7CF23788985007D59D3 /* Survey */,
			);
			path = Flows;
			sourceTree = "<group>";
		};
		C206D7CF23788985007D59D3 /* Survey */ = {
			isa = PBXGroup;
			children = (
				C2A3E0DE23B3D0560007A140 /* Active */,
				C2C01AC9239D47E10006FC8C /* Form */,
				C24B08B4238085CB0062AD81 /* Modal */,
				C206D7D023788992007D59D3 /* List */,
			);
			path = Survey;
			sourceTree = "<group>";
		};
		C206D7D023788992007D59D3 /* List */ = {
			isa = PBXGroup;
			children = (
				C206D7D4237889D2007D59D3 /* SurveyGridViewModel.swift */,
				C21D3D83238F071400D1B220 /* SurveyGridView.swift */,
				C21D3D85238F129D00D1B220 /* SurveyGridItemView.swift */,
			);
			path = List;
			sourceTree = "<group>";
		};
		C206D7D6237889EB007D59D3 /* Model */ = {
			isa = PBXGroup;
			children = (
				C21738C323DF82EF0003D26C /* Extensions */,
				C2A3E0F723BB96EC0007A140 /* CoreData */,
				C2A3E0EE23B6367C0007A140 /* Action */,
				C2A3E0E423B3D8A90007A140 /* Environment */,
				C206D7DA23788A37007D59D3 /* Domain */,
				C206D7D7237889F2007D59D3 /* Repository */,
			);
			path = Model;
			sourceTree = "<group>";
		};
		C206D7D7237889F2007D59D3 /* Repository */ = {
			isa = PBXGroup;
			children = (
				C206D7D823788A17007D59D3 /* SurveyRepositoring.swift */,
				C206D7DD23788ABC007D59D3 /* LocalSurveyRepository.swift */,
				C2A3E0FD23BB99800007A140 /* CoreDataSurveyRepository.swift */,
				C2ADA8B923DDE99900B4D27A /* SurveyStore.swift */,
				C21738C623DF83380003D26C /* UserSettingsRepository.swift */,
			);
			path = Repository;
			sourceTree = "<group>";
		};
		C206D7DA23788A37007D59D3 /* Domain */ = {
			isa = PBXGroup;
			children = (
				C206D7DB23788A45007D59D3 /* Survey.swift */,
			);
			path = Domain;
			sourceTree = "<group>";
		};
		C207E0612380976A00F59D1A /* Views */ = {
			isa = PBXGroup;
			children = (
				C25127B423F024C700629660 /* Animations */,
				C2A3E0E923B4F5E30007A140 /* ViewExtensions */,
				C2E362DA239EF92F00AC9913 /* FormTextField */,
				C21D3D87239299B100D1B220 /* ActivityIndicator */,
				C207E0622380977200F59D1A /* Chart */,
			);
			path = Views;
			sourceTree = "<group>";
		};
		C207E0622380977200F59D1A /* Chart */ = {
			isa = PBXGroup;
			children = (
				C207E063238097EB00F59D1A /* DonutChartSegment.swift */,
				C207E0652380A31C00F59D1A /* DonutChart.swift */,
			);
			path = Chart;
			sourceTree = "<group>";
		};
		C21738C323DF82EF0003D26C /* Extensions */ = {
			isa = PBXGroup;
			children = (
				C21738C423DF830C0003D26C /* UserDefault.swift */,
			);
			path = Extensions;
			sourceTree = "<group>";
		};
		C21738C823DF84B30003D26C /* Pin */ = {
			isa = PBXGroup;
			children = (
				C21738C923DF84C80003D26C /* PinPromptView.swift */,
				C21738CB23DF86F20003D26C /* PinPromptViewModel.swift */,
			);
			path = Pin;
			sourceTree = "<group>";
		};
		C21D3D87239299B100D1B220 /* ActivityIndicator */ = {
			isa = PBXGroup;
			children = (
				C21D3D8823929A0A00D1B220 /* ActivityIndicator.swift */,
				C21D3D8A23929BD800D1B220 /* LoadingView.swift */,
			);
			path = ActivityIndicator;
			sourceTree = "<group>";
		};
		C2246A212392D09D008C3C60 /* DI */ = {
			isa = PBXGroup;
			children = (
				C2246A222392D0D5008C3C60 /* ModelDependency.swift */,
				C2246A242392D126008C3C60 /* ViewModelFactories.swift */,
			);
			path = DI;
			sourceTree = "<group>";
		};
		C24B08B4238085CB0062AD81 /* Modal */ = {
			isa = PBXGroup;
			children = (
				C2246A1D2392C97A008C3C60 /* SurveyModalDetail.swift */,
				C2A3E0EF23B6594D0007A140 /* ModalDetailViewModel.swift */,
				C21738C123DCE7F90003D26C /* RatingItemView.swift */,
			);
			path = Modal;
			sourceTree = "<group>";
		};
		C25127B423F024C700629660 /* Animations */ = {
			isa = PBXGroup;
			children = (
				C25127B523F024DA00629660 /* ShakeModifier.swift */,
			);
			path = Animations;
			sourceTree = "<group>";
		};
		C289F0FD23E35509000B11E9 /* Settings */ = {
			isa = PBXGroup;
			children = (
				C289F0FE23E35522000B11E9 /* SettingsView.swift */,
				C289F10023E35532000B11E9 /* SettingsViewModel.swift */,
			);
			path = Settings;
			sourceTree = "<group>";
		};
		C2A3E0B823B3B42A0007A140 /* Resources */ = {
			isa = PBXGroup;
			children = (
				C2A3E0D823B3C7E10007A140 /* Assets.swift */,
				C2A3E0D923B3C7E10007A140 /* LocalizedStrings.swift */,
				C206D7B2237888C3007D59D3 /* Assets.xcassets */,
				C206D7B7237888C3007D59D3 /* LaunchScreen.storyboard */,
				C206D7BA237888C3007D59D3 /* Info.plist */,
				C2A3E0B923B3B45C0007A140 /* Localizable.strings */,
				C2A3E0BC23B3B5180007A140 /* colors.json */,
				C2A3E0CB23B3C1AC0007A140 /* ColorResources.swift */,
				C2A3E0DC23B3CD010007A140 /* ImageResources.swift */,
			);
			path = Resources;
			sourceTree = "<group>";
		};
		C2A3E0DE23B3D0560007A140 /* Active */ = {
			isa = PBXGroup;
			children = (
				C2A3E0DF23B3D0680007A140 /* ActiveSurveyView.swift */,
				C2A3E0E723B3E76F0007A140 /* ActiveSurveyViewModel.swift */,
			);
			path = Active;
			sourceTree = "<group>";
		};
		C2A3E0E123B3D73C0007A140 /* App */ = {
			isa = PBXGroup;
			children = (
				C206D7A9237888BE007D59D3 /* AppDelegate.swift */,
				C206D7AB237888BE007D59D3 /* SceneDelegate.swift */,
				C2A3E0E223B3D7660007A140 /* SmileyHostingController.swift */,
			);
			path = App;
			sourceTree = "<group>";
		};
		C2A3E0E423B3D8A90007A140 /* Environment */ = {
			isa = PBXGroup;
			children = (
				C2A3E0E523B3D8C50007A140 /* RotationObserver.swift */,
			);
			path = Environment;
			sourceTree = "<group>";
		};
		C2A3E0E923B4F5E30007A140 /* ViewExtensions */ = {
			isa = PBXGroup;
			children = (
				C2A3E0EA23B4F6020007A140 /* GeneralViewExtensions.swift */,
				C2A3E0EC23B4F8CE0007A140 /* ImageExtensions.swift */,
			);
			path = ViewExtensions;
			sourceTree = "<group>";
		};
		C2A3E0EE23B6367C0007A140 /* Action */ = {
			isa = PBXGroup;
			children = (
				C26D447A23D35BDF00E7E268 /* Action.swift */,
			);
			path = Action;
			sourceTree = "<group>";
		};
		C2A3E0F723BB96EC0007A140 /* CoreData */ = {
			isa = PBXGroup;
			children = (
				C2A3E0F823BB972E0007A140 /* Model.xcdatamodeld */,
				C2A3E0FB23BB97D80007A140 /* Database.swift */,
			);
			path = CoreData;
			sourceTree = "<group>";
		};
		C2C01AC9239D47E10006FC8C /* Form */ = {
			isa = PBXGroup;
			children = (
				C2C01ACA239D47FA0006FC8C /* SurveyFormView.swift */,
				C2E362DD239EFBA800AC9913 /* SurveyFormViewModel.swift */,
			);
			path = Form;
			sourceTree = "<group>";
		};
		C2E362DA239EF92F00AC9913 /* FormTextField */ = {
			isa = PBXGroup;
			children = (
				C2E362DB239EF94F00AC9913 /* FormTextFieldView.swift */,
			);
			path = FormTextField;
			sourceTree = "<group>";
		};
/* End PBXGroup section */

/* Begin PBXNativeTarget section */
		C206D7A5237888BE007D59D3 /* SmileySurvey */ = {
			isa = PBXNativeTarget;
			buildConfigurationList = C206D7C8237888C3007D59D3 /* Build configuration list for PBXNativeTarget "SmileySurvey" */;
			buildPhases = (
				C2A3E0BB23B3B4BF0007A140 /* SwiftGen */,
				C206D7A2237888BE007D59D3 /* Sources */,
				C206D7A3237888BE007D59D3 /* Frameworks */,
				C206D7A4237888BE007D59D3 /* Resources */,
			);
			buildRules = (
			);
			dependencies = (
			);
			name = SmileySurvey;
			packageProductDependencies = (
				C21D3D81238F06DA00D1B220 /* Grid */,
			);
			productName = SmileSurvey;
			productReference = C206D7A6237888BE007D59D3 /* SmileySurvey.app */;
			productType = "com.apple.product-type.application";
		};
		C206D7BE237888C3007D59D3 /* SmileySurveyTests */ = {
			isa = PBXNativeTarget;
			buildConfigurationList = C206D7CB237888C3007D59D3 /* Build configuration list for PBXNativeTarget "SmileySurveyTests" */;
			buildPhases = (
				C206D7BB237888C3007D59D3 /* Sources */,
				C206D7BC237888C3007D59D3 /* Frameworks */,
				C206D7BD237888C3007D59D3 /* Resources */,
			);
			buildRules = (
			);
			dependencies = (
				C206D7C1237888C3007D59D3 /* PBXTargetDependency */,
			);
			name = SmileySurveyTests;
			productName = SmileSurveyTests;
			productReference = C206D7BF237888C3007D59D3 /* SmileySurveyTests.xctest */;
			productType = "com.apple.product-type.bundle.unit-test";
		};
/* End PBXNativeTarget section */

/* Begin PBXProject section */
		C206D79E237888BE007D59D3 /* Project object */ = {
			isa = PBXProject;
			attributes = {
				LastSwiftUpdateCheck = 1120;
				LastUpgradeCheck = 1120;
				ORGANIZATIONNAME = "Vlad Gorbunov";
				TargetAttributes = {
					C206D7A5237888BE007D59D3 = {
						CreatedOnToolsVersion = 11.2;
					};
					C206D7BE237888C3007D59D3 = {
						CreatedOnToolsVersion = 11.2;
						TestTargetID = C206D7A5237888BE007D59D3;
					};
				};
			};
			buildConfigurationList = C206D7A1237888BE007D59D3 /* Build configuration list for PBXProject "SmileySurvey" */;
			compatibilityVersion = "Xcode 9.3";
			developmentRegion = en;
			hasScannedForEncodings = 0;
			knownRegions = (
				en,
				Base,
			);
			mainGroup = C206D79D237888BE007D59D3;
			packageReferences = (
				C21D3D80238F06DA00D1B220 /* XCRemoteSwiftPackageReference "Grid" */,
			);
			productRefGroup = C206D7A7237888BE007D59D3 /* Products */;
			projectDirPath = "";
			projectRoot = "";
			targets = (
				C206D7A5237888BE007D59D3 /* SmileySurvey */,
				C206D7BE237888C3007D59D3 /* SmileySurveyTests */,
			);
		};
/* End PBXProject section */

/* Begin PBXResourcesBuildPhase section */
		C206D7A4237888BE007D59D3 /* Resources */ = {
			isa = PBXResourcesBuildPhase;
			buildActionMask = 2147483647;
			files = (
				C206D7B9237888C3007D59D3 /* LaunchScreen.storyboard in Resources */,
				C2A3E0BD23B3B5180007A140 /* colors.json in Resources */,
				C2A3E0BA23B3B45C0007A140 /* Localizable.strings in Resources */,
				C206D7B6237888C3007D59D3 /* Preview Assets.xcassets in Resources */,
				C206D7B3237888C3007D59D3 /* Assets.xcassets in Resources */,
			);
			runOnlyForDeploymentPostprocessing = 0;
		};
		C206D7BD237888C3007D59D3 /* Resources */ = {
			isa = PBXResourcesBuildPhase;
			buildActionMask = 2147483647;
			files = (
			);
			runOnlyForDeploymentPostprocessing = 0;
		};
/* End PBXResourcesBuildPhase section */

/* Begin PBXShellScriptBuildPhase section */
		C2A3E0BB23B3B4BF0007A140 /* SwiftGen */ = {
			isa = PBXShellScriptBuildPhase;
			buildActionMask = 2147483647;
			files = (
			);
			inputFileListPaths = (
			);
			inputPaths = (
				"${PROJECT_DIR}/${TARGET_NAME}/Resources/Localizable.strings",
				"${PROJECT_DIR}/${TARGET_NAME}/Resources/Images.xcassets",
			);
			name = SwiftGen;
			outputFileListPaths = (
			);
			outputPaths = (
				"${PROJECT_DIR}/${TARGET_NAME}/Resources/Generated/LocalizedStrings.swift",
				"${PROJECT_DIR}/${TARGET_NAME}/Resources/Generated/Assets.swift",
			);
			runOnlyForDeploymentPostprocessing = 0;
			shellPath = /bin/sh;
			shellScript = "STR_SRC_FILE=\"${SCRIPT_INPUT_FILE_0}\"\nIMG_SRC_FILE=\"${SCRIPT_INPUT_FILE_1}\"\n\n\ntouch \"$STR_SRC_FILE\"\ntouch \"$IMG_SRC_FILE\"\n\nswiftgen strings -t structured-swift4 \"$STR_SRC_FILE\" -o \"${SCRIPT_OUTPUT_FILE_0}\"\necho $?\n\nswiftgen xcassets -t swift4 \"$IMG_SRC_FILE\" -o \"${SCRIPT_OUTPUT_FILE_1}\"\necho $?\n\n# TODO: currently unable to generatge colors as there is a missmatch between swiftgen typealias and swiftui color\n";
		};
/* End PBXShellScriptBuildPhase section */

/* Begin PBXSourcesBuildPhase section */
		C206D7A2237888BE007D59D3 /* Sources */ = {
			isa = PBXSourcesBuildPhase;
			buildActionMask = 2147483647;
			files = (
				C206D7D5237889D2007D59D3 /* SurveyGridViewModel.swift in Sources */,
				C21D3D86238F129D00D1B220 /* SurveyGridItemView.swift in Sources */,
				C2A3E0E323B3D7660007A140 /* SmileyHostingController.swift in Sources */,
				C2E362DE239EFBA800AC9913 /* SurveyFormViewModel.swift in Sources */,
				C2A3E0E823B3E76F0007A140 /* ActiveSurveyViewModel.swift in Sources */,
				C21738C723DF83380003D26C /* UserSettingsRepository.swift in Sources */,
				C2A3E0FC23BB97D80007A140 /* Database.swift in Sources */,
				C2A3E0FA23BB972E0007A140 /* Model.xcdatamodeld in Sources */,
				C2A3E0DD23B3CD010007A140 /* ImageResources.swift in Sources */,
				C21738C223DCE7F90003D26C /* RatingItemView.swift in Sources */,
				C2246A232392D0D5008C3C60 /* ModelDependency.swift in Sources */,
				C2C01ACB239D47FA0006FC8C /* SurveyFormView.swift in Sources */,
				C289F10123E35532000B11E9 /* SettingsViewModel.swift in Sources */,
				C2A3E0DB23B3C7E20007A140 /* LocalizedStrings.swift in Sources */,
				C2A3E0DA23B3C7E20007A140 /* Assets.swift in Sources */,
				C26D447B23D35BDF00E7E268 /* Action.swift in Sources */,
				C2A3E0F023B6594D0007A140 /* ModalDetailViewModel.swift in Sources */,
				C2ADA8BA23DDE99900B4D27A /* SurveyStore.swift in Sources */,
				C2A3E0CC23B3C1AC0007A140 /* ColorResources.swift in Sources */,
				C2A3E0E023B3D0680007A140 /* ActiveSurveyView.swift in Sources */,
				C207E0662380A31C00F59D1A /* DonutChart.swift in Sources */,
				C206D7DE23788ABC007D59D3 /* LocalSurveyRepository.swift in Sources */,
				C2A3E0E623B3D8C50007A140 /* RotationObserver.swift in Sources */,
				C25127B623F024DA00629660 /* ShakeModifier.swift in Sources */,
				C206D7AA237888BE007D59D3 /* AppDelegate.swift in Sources */,
				C2246A1E2392C97A008C3C60 /* SurveyModalDetail.swift in Sources */,
				C2E362DC239EF94F00AC9913 /* FormTextFieldView.swift in Sources */,
				C289F0FF23E35522000B11E9 /* SettingsView.swift in Sources */,
				C206D7AC237888BE007D59D3 /* SceneDelegate.swift in Sources */,
				C206D7DC23788A45007D59D3 /* Survey.swift in Sources */,
				C2A3E0ED23B4F8CE0007A140 /* ImageExtensions.swift in Sources */,
				C2A3E0FE23BB99800007A140 /* CoreDataSurveyRepository.swift in Sources */,
				C2246A252392D126008C3C60 /* ViewModelFactories.swift in Sources */,
				C21738C523DF830C0003D26C /* UserDefault.swift in Sources */,
				C207E064238097EB00F59D1A /* DonutChartSegment.swift in Sources */,
				C21D3D84238F071400D1B220 /* SurveyGridView.swift in Sources */,
				C206D7D923788A17007D59D3 /* SurveyRepositoring.swift in Sources */,
				C21738CA23DF84C80003D26C /* PinPromptView.swift in Sources */,
				C21D3D8923929A0A00D1B220 /* ActivityIndicator.swift in Sources */,
				C21D3D8B23929BD800D1B220 /* LoadingView.swift in Sources */,
				C21738CC23DF86F20003D26C /* PinPromptViewModel.swift in Sources */,
				C2A3E0EB23B4F6020007A140 /* GeneralViewExtensions.swift in Sources */,
			);
			runOnlyForDeploymentPostprocessing = 0;
		};
		C206D7BB237888C3007D59D3 /* Sources */ = {
			isa = PBXSourcesBuildPhase;
			buildActionMask = 2147483647;
			files = (
				C206D7C4237888C3007D59D3 /* SmileSurveyTests.swift in Sources */,
			);
			runOnlyForDeploymentPostprocessing = 0;
		};
/* End PBXSourcesBuildPhase section */

/* Begin PBXTargetDependency section */
		C206D7C1237888C3007D59D3 /* PBXTargetDependency */ = {
			isa = PBXTargetDependency;
			target = C206D7A5237888BE007D59D3 /* SmileySurvey */;
			targetProxy = C206D7C0237888C3007D59D3 /* PBXContainerItemProxy */;
		};
/* End PBXTargetDependency section */

/* Begin PBXVariantGroup section */
		C206D7B7237888C3007D59D3 /* LaunchScreen.storyboard */ = {
			isa = PBXVariantGroup;
			children = (
				C206D7B8237888C3007D59D3 /* Base */,
			);
			name = LaunchScreen.storyboard;
			sourceTree = "<group>";
		};
/* End PBXVariantGroup section */

/* Begin XCBuildConfiguration section */
		C206D7C6237888C3007D59D3 /* Debug */ = {
			isa = XCBuildConfiguration;
			buildSettings = {
				ALWAYS_SEARCH_USER_PATHS = NO;
				CLANG_ANALYZER_NONNULL = YES;
				CLANG_ANALYZER_NUMBER_OBJECT_CONVERSION = YES_AGGRESSIVE;
				CLANG_CXX_LANGUAGE_STANDARD = "gnu++14";
				CLANG_CXX_LIBRARY = "libc++";
				CLANG_ENABLE_MODULES = YES;
				CLANG_ENABLE_OBJC_ARC = YES;
				CLANG_ENABLE_OBJC_WEAK = YES;
				CLANG_WARN_BLOCK_CAPTURE_AUTORELEASING = YES;
				CLANG_WARN_BOOL_CONVERSION = YES;
				CLANG_WARN_COMMA = YES;
				CLANG_WARN_CONSTANT_CONVERSION = YES;
				CLANG_WARN_DEPRECATED_OBJC_IMPLEMENTATIONS = YES;
				CLANG_WARN_DIRECT_OBJC_ISA_USAGE = YES_ERROR;
				CLANG_WARN_DOCUMENTATION_COMMENTS = YES;
				CLANG_WARN_EMPTY_BODY = YES;
				CLANG_WARN_ENUM_CONVERSION = YES;
				CLANG_WARN_INFINITE_RECURSION = YES;
				CLANG_WARN_INT_CONVERSION = YES;
				CLANG_WARN_NON_LITERAL_NULL_CONVERSION = YES;
				CLANG_WARN_OBJC_IMPLICIT_RETAIN_SELF = YES;
				CLANG_WARN_OBJC_LITERAL_CONVERSION = YES;
				CLANG_WARN_OBJC_ROOT_CLASS = YES_ERROR;
				CLANG_WARN_RANGE_LOOP_ANALYSIS = YES;
				CLANG_WARN_STRICT_PROTOTYPES = YES;
				CLANG_WARN_SUSPICIOUS_MOVE = YES;
				CLANG_WARN_UNGUARDED_AVAILABILITY = YES_AGGRESSIVE;
				CLANG_WARN_UNREACHABLE_CODE = YES;
				CLANG_WARN__DUPLICATE_METHOD_MATCH = YES;
				COPY_PHASE_STRIP = NO;
				DEBUG_INFORMATION_FORMAT = dwarf;
				ENABLE_STRICT_OBJC_MSGSEND = YES;
				ENABLE_TESTABILITY = YES;
				GCC_C_LANGUAGE_STANDARD = gnu11;
				GCC_DYNAMIC_NO_PIC = NO;
				GCC_NO_COMMON_BLOCKS = YES;
				GCC_OPTIMIZATION_LEVEL = 0;
				GCC_PREPROCESSOR_DEFINITIONS = (
					"DEBUG=1",
					"$(inherited)",
				);
				GCC_WARN_64_TO_32_BIT_CONVERSION = YES;
				GCC_WARN_ABOUT_RETURN_TYPE = YES_ERROR;
				GCC_WARN_UNDECLARED_SELECTOR = YES;
				GCC_WARN_UNINITIALIZED_AUTOS = YES_AGGRESSIVE;
				GCC_WARN_UNUSED_FUNCTION = YES;
				GCC_WARN_UNUSED_VARIABLE = YES;
				INFOPLIST_FILE = Resources/Info.plist;
				IPHONEOS_DEPLOYMENT_TARGET = 13.2;
				MTL_ENABLE_DEBUG_INFO = INCLUDE_SOURCE;
				MTL_FAST_MATH = YES;
				ONLY_ACTIVE_ARCH = YES;
				SDKROOT = iphoneos;
				SWIFT_ACTIVE_COMPILATION_CONDITIONS = DEBUG;
				SWIFT_OPTIMIZATION_LEVEL = "-Onone";
			};
			name = Debug;
		};
		C206D7C7237888C3007D59D3 /* Release */ = {
			isa = XCBuildConfiguration;
			buildSettings = {
				ALWAYS_SEARCH_USER_PATHS = NO;
				CLANG_ANALYZER_NONNULL = YES;
				CLANG_ANALYZER_NUMBER_OBJECT_CONVERSION = YES_AGGRESSIVE;
				CLANG_CXX_LANGUAGE_STANDARD = "gnu++14";
				CLANG_CXX_LIBRARY = "libc++";
				CLANG_ENABLE_MODULES = YES;
				CLANG_ENABLE_OBJC_ARC = YES;
				CLANG_ENABLE_OBJC_WEAK = YES;
				CLANG_WARN_BLOCK_CAPTURE_AUTORELEASING = YES;
				CLANG_WARN_BOOL_CONVERSION = YES;
				CLANG_WARN_COMMA = YES;
				CLANG_WARN_CONSTANT_CONVERSION = YES;
				CLANG_WARN_DEPRECATED_OBJC_IMPLEMENTATIONS = YES;
				CLANG_WARN_DIRECT_OBJC_ISA_USAGE = YES_ERROR;
				CLANG_WARN_DOCUMENTATION_COMMENTS = YES;
				CLANG_WARN_EMPTY_BODY = YES;
				CLANG_WARN_ENUM_CONVERSION = YES;
				CLANG_WARN_INFINITE_RECURSION = YES;
				CLANG_WARN_INT_CONVERSION = YES;
				CLANG_WARN_NON_LITERAL_NULL_CONVERSION = YES;
				CLANG_WARN_OBJC_IMPLICIT_RETAIN_SELF = YES;
				CLANG_WARN_OBJC_LITERAL_CONVERSION = YES;
				CLANG_WARN_OBJC_ROOT_CLASS = YES_ERROR;
				CLANG_WARN_RANGE_LOOP_ANALYSIS = YES;
				CLANG_WARN_STRICT_PROTOTYPES = YES;
				CLANG_WARN_SUSPICIOUS_MOVE = YES;
				CLANG_WARN_UNGUARDED_AVAILABILITY = YES_AGGRESSIVE;
				CLANG_WARN_UNREACHABLE_CODE = YES;
				CLANG_WARN__DUPLICATE_METHOD_MATCH = YES;
				COPY_PHASE_STRIP = NO;
				DEBUG_INFORMATION_FORMAT = "dwarf-with-dsym";
				ENABLE_NS_ASSERTIONS = NO;
				ENABLE_STRICT_OBJC_MSGSEND = YES;
				GCC_C_LANGUAGE_STANDARD = gnu11;
				GCC_NO_COMMON_BLOCKS = YES;
				GCC_WARN_64_TO_32_BIT_CONVERSION = YES;
				GCC_WARN_ABOUT_RETURN_TYPE = YES_ERROR;
				GCC_WARN_UNDECLARED_SELECTOR = YES;
				GCC_WARN_UNINITIALIZED_AUTOS = YES_AGGRESSIVE;
				GCC_WARN_UNUSED_FUNCTION = YES;
				GCC_WARN_UNUSED_VARIABLE = YES;
				INFOPLIST_FILE = Resources/Info.plist;
				IPHONEOS_DEPLOYMENT_TARGET = 13.2;
				MTL_ENABLE_DEBUG_INFO = NO;
				MTL_FAST_MATH = YES;
				SDKROOT = iphoneos;
				SWIFT_COMPILATION_MODE = wholemodule;
				SWIFT_OPTIMIZATION_LEVEL = "-O";
				VALIDATE_PRODUCT = YES;
			};
			name = Release;
		};
		C206D7C9237888C3007D59D3 /* Debug */ = {
			isa = XCBuildConfiguration;
			buildSettings = {
				ASSETCATALOG_COMPILER_APPICON_NAME = AppIcon;
				CODE_SIGN_ENTITLEMENTS = SmileySurvey/SmileySurvey.entitlements;
				CODE_SIGN_STYLE = Automatic;
				DEVELOPMENT_ASSET_PATHS = "\"SmileySurvey/Preview Content\"";
				DEVELOPMENT_TEAM = P88J5J9T9W;
				ENABLE_PREVIEWS = YES;
				INFOPLIST_FILE = SmileySurvey/Resources/Info.plist;
				LD_RUNPATH_SEARCH_PATHS = (
					"$(inherited)",
					"@executable_path/Frameworks",
				);
				PRODUCT_BUNDLE_IDENTIFIER = me.gorbuvla.SmileySurvey;
				PRODUCT_NAME = "$(TARGET_NAME)";
				SWIFT_VERSION = 5.0;
				TARGETED_DEVICE_FAMILY = "1,2";
			};
			name = Debug;
		};
		C206D7CA237888C3007D59D3 /* Release */ = {
			isa = XCBuildConfiguration;
			buildSettings = {
				ASSETCATALOG_COMPILER_APPICON_NAME = AppIcon;
				CODE_SIGN_ENTITLEMENTS = SmileySurvey/SmileySurvey.entitlements;
				CODE_SIGN_STYLE = Automatic;
				DEVELOPMENT_ASSET_PATHS = "\"SmileySurvey/Preview Content\"";
				DEVELOPMENT_TEAM = P88J5J9T9W;
				ENABLE_PREVIEWS = YES;
				INFOPLIST_FILE = SmileySurvey/Resources/Info.plist;
				LD_RUNPATH_SEARCH_PATHS = (
					"$(inherited)",
					"@executable_path/Frameworks",
				);
				PRODUCT_BUNDLE_IDENTIFIER = me.gorbuvla.SmileySurvey;
				PRODUCT_NAME = "$(TARGET_NAME)";
				SWIFT_VERSION = 5.0;
				TARGETED_DEVICE_FAMILY = "1,2";
			};
			name = Release;
		};
		C206D7CC237888C3007D59D3 /* Debug */ = {
			isa = XCBuildConfiguration;
			buildSettings = {
				ALWAYS_EMBED_SWIFT_STANDARD_LIBRARIES = YES;
				BUNDLE_LOADER = "$(TEST_HOST)";
				CODE_SIGN_STYLE = Automatic;
				DEVELOPMENT_TEAM = P88J5J9T9W;
				INFOPLIST_FILE = SmileySurveyTests/Info.plist;
				IPHONEOS_DEPLOYMENT_TARGET = 13.2;
				LD_RUNPATH_SEARCH_PATHS = (
					"$(inherited)",
					"@executable_path/Frameworks",
					"@loader_path/Frameworks",
				);
				PRODUCT_BUNDLE_IDENTIFIER = me.gorbuvla.SmileySurveyTests;
				PRODUCT_NAME = "$(TARGET_NAME)";
				SWIFT_VERSION = 5.0;
				TARGETED_DEVICE_FAMILY = "1,2";
				TEST_HOST = "$(BUILT_PRODUCTS_DIR)/SmileySurvey.app/SmileySurvey";
			};
			name = Debug;
		};
		C206D7CD237888C3007D59D3 /* Release */ = {
			isa = XCBuildConfiguration;
			buildSettings = {
				ALWAYS_EMBED_SWIFT_STANDARD_LIBRARIES = YES;
				BUNDLE_LOADER = "$(TEST_HOST)";
				CODE_SIGN_STYLE = Automatic;
				DEVELOPMENT_TEAM = P88J5J9T9W;
				INFOPLIST_FILE = SmileySurveyTests/Info.plist;
				IPHONEOS_DEPLOYMENT_TARGET = 13.2;
				LD_RUNPATH_SEARCH_PATHS = (
					"$(inherited)",
					"@executable_path/Frameworks",
					"@loader_path/Frameworks",
				);
				PRODUCT_BUNDLE_IDENTIFIER = me.gorbuvla.SmileySurveyTests;
				PRODUCT_NAME = "$(TARGET_NAME)";
				SWIFT_VERSION = 5.0;
				TARGETED_DEVICE_FAMILY = "1,2";
				TEST_HOST = "$(BUILT_PRODUCTS_DIR)/SmileySurvey.app/SmileySurvey";
			};
			name = Release;
		};
/* End XCBuildConfiguration section */

/* Begin XCConfigurationList section */
		C206D7A1237888BE007D59D3 /* Build configuration list for PBXProject "SmileySurvey" */ = {
			isa = XCConfigurationList;
			buildConfigurations = (
				C206D7C6237888C3007D59D3 /* Debug */,
				C206D7C7237888C3007D59D3 /* Release */,
			);
			defaultConfigurationIsVisible = 0;
			defaultConfigurationName = Debug;
		};
		C206D7C8237888C3007D59D3 /* Build configuration list for PBXNativeTarget "SmileySurvey" */ = {
			isa = XCConfigurationList;
			buildConfigurations = (
				C206D7C9237888C3007D59D3 /* Debug */,
				C206D7CA237888C3007D59D3 /* Release */,
			);
			defaultConfigurationIsVisible = 0;
			defaultConfigurationName = Debug;
		};
		C206D7CB237888C3007D59D3 /* Build configuration list for PBXNativeTarget "SmileySurveyTests" */ = {
			isa = XCConfigurationList;
			buildConfigurations = (
				C206D7CC237888C3007D59D3 /* Debug */,
				C206D7CD237888C3007D59D3 /* Release */,
			);
			defaultConfigurationIsVisible = 0;
			defaultConfigurationName = Debug;
		};
/* End XCConfigurationList section */

/* Begin XCRemoteSwiftPackageReference section */
		C21D3D80238F06DA00D1B220 /* XCRemoteSwiftPackageReference "Grid" */ = {
			isa = XCRemoteSwiftPackageReference;
			repositoryURL = "https://github.com/SwiftUIExtensions/Grid.git";
			requirement = {
				kind = exactVersion;
				version = 0.7.2;
			};
		};
/* End XCRemoteSwiftPackageReference section */

/* Begin XCSwiftPackageProductDependency section */
		C21D3D81238F06DA00D1B220 /* Grid */ = {
			isa = XCSwiftPackageProductDependency;
			package = C21D3D80238F06DA00D1B220 /* XCRemoteSwiftPackageReference "Grid" */;
			productName = Grid;
		};
/* End XCSwiftPackageProductDependency section */

/* Begin XCVersionGroup section */
		C2A3E0F823BB972E0007A140 /* Model.xcdatamodeld */ = {
			isa = XCVersionGroup;
			children = (
				C2A3E0F923BB972E0007A140 /* DbSurvey.xcdatamodel */,
			);
			currentVersion = C2A3E0F923BB972E0007A140 /* DbSurvey.xcdatamodel */;
			path = Model.xcdatamodeld;
			sourceTree = "<group>";
			versionGroupType = wrapper.xcdatamodel;
		};
/* End XCVersionGroup section */
	};
	rootObject = C206D79E237888BE007D59D3 /* Project object */;
}
